
Microsoft Visual Studio Solution File, Format Version 12.00
# Visual Studio Version 16
VisualStudioVersion = 16.0.29519.87
MinimumVisualStudioVersion = 10.0.40219.1
Project("{9A19103F-16F7-4668-BE54-9A1E7A4F7556}") = "HemaDrillBook.Services", "HemaDrillBook.Services\HemaDrillBook.Services.csproj", "{93CD24F5-F082-406D-914E-445CD762B83A}"
EndProject
Project("{9A19103F-16F7-4668-BE54-9A1E7A4F7556}") = "HemaDrillBook.Tests", "HemaDrillBook.Tests\HemaDrillBook.Tests.csproj", "{8E62D203-C14B-415A-A29D-8F3C3C37629A}"
EndProject
Project("{9A19103F-16F7-4668-BE54-9A1E7A4F7556}") = "HemaDrillBook", "HemaDrillBook\HemaDrillBook.csproj", "{E446BDA2-EA10-47DD-BDCA-188AC7D4D3C6}"
EndProject
Project("{00D1A9C2-B5F0-4AF3-8072-F6C62B433612}") = "HemaDrillBookDB", "HemaDrillBookDB\HemaDrillBookDB.sqlproj", "{965582EA-6B0A-48CD-B052-4E7A74FA5C33}"
EndProject
Project("{9A19103F-16F7-4668-BE54-9A1E7A4F7556}") = "DevTools", "DevTools\DevTools.csproj", "{B81F25A9-745C-4936-9E28-D97A51168EA7}"
EndProject
Project("{FAE04EC0-301F-11D3-BF4B-00C04F79EFBC}") = "HemaDrillBookTools", "HemaDrillBookTools\HemaDrillBookTools.csproj", "{9BF3A818-3BB6-48DD-82F7-7184ADFF248B}"
EndProject
Global
	GlobalSection(SolutionConfigurationPlatforms) = preSolution
		Debug|Any CPU = Debug|Any CPU
		Release|Any CPU = Release|Any CPU
	EndGlobalSection
	GlobalSection(ProjectConfigurationPlatforms) = postSolution
		{93CD24F5-F082-406D-914E-445CD762B83A}.Debug|Any CPU.ActiveCfg = Debug|Any CPU
		{93CD24F5-F082-406D-914E-445CD762B83A}.Debug|Any CPU.Build.0 = Debug|Any CPU
		{93CD24F5-F082-406D-914E-445CD762B83A}.Release|Any CPU.ActiveCfg = Release|Any CPU
		{93CD24F5-F082-406D-914E-445CD762B83A}.Release|Any CPU.Build.0 = Release|Any CPU
		{8E62D203-C14B-415A-A29D-8F3C3C37629A}.Debug|Any CPU.ActiveCfg = Debug|Any CPU
		{8E62D203-C14B-415A-A29D-8F3C3C37629A}.Debug|Any CPU.Build.0 = Debug|Any CPU
		{8E62D203-C14B-415A-A29D-8F3C3C37629A}.Release|Any CPU.ActiveCfg = Release|Any CPU
		{8E62D203-C14B-415A-A29D-8F3C3C37629A}.Release|Any CPU.Build.0 = Release|Any CPU
		{E446BDA2-EA10-47DD-BDCA-188AC7D4D3C6}.Debug|Any CPU.ActiveCfg = Debug|Any CPU
		{E446BDA2-EA10-47DD-BDCA-188AC7D4D3C6}.Debug|Any CPU.Build.0 = Debug|Any CPU
		{E446BDA2-EA10-47DD-BDCA-188AC7D4D3C6}.Release|Any CPU.ActiveCfg = Release|Any CPU
		{E446BDA2-EA10-47DD-BDCA-188AC7D4D3C6}.Release|Any CPU.Build.0 = Release|Any CPU
		{965582EA-6B0A-48CD-B052-4E7A74FA5C33}.Debug|Any CPU.ActiveCfg = Debug|Any CPU
		{965582EA-6B0A-48CD-B052-4E7A74FA5C33}.Debug|Any CPU.Build.0 = Debug|Any CPU
		{965582EA-6B0A-48CD-B052-4E7A74FA5C33}.Debug|Any CPU.Deploy.0 = Debug|Any CPU
		{965582EA-6B0A-48CD-B052-4E7A74FA5C33}.Release|Any CPU.ActiveCfg = Release|Any CPU
		{965582EA-6B0A-48CD-B052-4E7A74FA5C33}.Release|Any CPU.Build.0 = Release|Any CPU
		{965582EA-6B0A-48CD-B052-4E7A74FA5C33}.Release|Any CPU.Deploy.0 = Release|Any CPU
		{B81F25A9-745C-4936-9E28-D97A51168EA7}.Debug|Any CPU.ActiveCfg = Debug|Any CPU
		{B81F25A9-745C-4936-9E28-D97A51168EA7}.Debug|Any CPU.Build.0 = Debug|Any CPU
		{B81F25A9-745C-4936-9E28-D97A51168EA7}.Release|Any CPU.ActiveCfg = Release|Any CPU
		{B81F25A9-745C-4936-9E28-D97A51168EA7}.Release|Any CPU.Build.0 = Release|Any CPU
		{9BF3A818-3BB6-48DD-82F7-7184ADFF248B}.Debug|Any CPU.ActiveCfg = Debug|Any CPU
		{9BF3A818-3BB6-48DD-82F7-7184ADFF248B}.Debug|Any CPU.Build.0 = Debug|Any CPU
		{9BF3A818-3BB6-48DD-82F7-7184ADFF248B}.Release|Any CPU.ActiveCfg = Release|Any CPU
		{9BF3A818-3BB6-48DD-82F7-7184ADFF248B}.Release|Any CPU.Build.0 = Release|Any CPU
	EndGlobalSection
	GlobalSection(SolutionProperties) = preSolution
		HideSolutionNode = FALSE
	EndGlobalSection
	GlobalSection(ExtensibilityGlobals) = postSolution
		SolutionGuid = {F3A833F2-3236-4D7E-91AD-9E84B4A885CE}
	EndGlobalSection
EndGlobal
